// !$*UTF8*$!
{
	archiveVersion = 1;
	classes = {
	};
	objectVersion = 56;
	objects = {

/* Begin PBXBuildFile section */
		612DCBA42B018AD900C01996 /* FirebaseStorage in Frameworks */ = {isa = PBXBuildFile; productRef = 612DCBA32B018AD900C01996 /* FirebaseStorage */; };
		613779522B036171000BE8CD /* FirebaseFirestoreSwift in Frameworks */ = {isa = PBXBuildFile; productRef = 613779512B036171000BE8CD /* FirebaseFirestoreSwift */; };
		614B24ED2B00591D00017D2A /* FirebaseAuth in Frameworks */ = {isa = PBXBuildFile; productRef = 614B24EC2B00591D00017D2A /* FirebaseAuth */; };
		614B24EF2B00591D00017D2A /* FirebaseFirestore in Frameworks */ = {isa = PBXBuildFile; productRef = 614B24EE2B00591D00017D2A /* FirebaseFirestore */; };
		61555CEC2B02CBFC009A99E7 /* MailComposerView.swift in Sources */ = {isa = PBXBuildFile; fileRef = 61555CEB2B02CBFC009A99E7 /* MailComposerView.swift */; };
		61555CF02B02E87C009A99E7 /* CalendarManager.swift in Sources */ = {isa = PBXBuildFile; fileRef = 61555CEF2B02E87C009A99E7 /* CalendarManager.swift */; };
		61555CF22B032F77009A99E7 /* Appointment.swift in Sources */ = {isa = PBXBuildFile; fileRef = 61555CF12B032F77009A99E7 /* Appointment.swift */; };
		61555CF42B033039009A99E7 /* AppointmentsListView.swift in Sources */ = {isa = PBXBuildFile; fileRef = 61555CF32B033039009A99E7 /* AppointmentsListView.swift */; };
		61C5C6C92B0033E900C4218A /* ContentView.swift in Sources */ = {isa = PBXBuildFile; fileRef = 61C5C6C82B0033E900C4218A /* ContentView.swift */; };
		61C5C6CB2B0033EA00C4218A /* Assets.xcassets in Resources */ = {isa = PBXBuildFile; fileRef = 61C5C6CA2B0033EA00C4218A /* Assets.xcassets */; };
		61C5C6CE2B0033EA00C4218A /* Preview Assets.xcassets in Resources */ = {isa = PBXBuildFile; fileRef = 61C5C6CD2B0033EA00C4218A /* Preview Assets.xcassets */; };
		61C5C6D82B0033EA00C4218A /* TutorHubbTests.swift in Sources */ = {isa = PBXBuildFile; fileRef = 61C5C6D72B0033EA00C4218A /* TutorHubbTests.swift */; };
		61C5C6E22B0033EA00C4218A /* TutorHubbUITests.swift in Sources */ = {isa = PBXBuildFile; fileRef = 61C5C6E12B0033EA00C4218A /* TutorHubbUITests.swift */; };
		61C5C6E42B0033EA00C4218A /* TutorHubbUITestsLaunchTests.swift in Sources */ = {isa = PBXBuildFile; fileRef = 61C5C6E32B0033EA00C4218A /* TutorHubbUITestsLaunchTests.swift */; };
		61C5C6F32B00359A00C4218A /* TutorHubbApp.swift in Sources */ = {isa = PBXBuildFile; fileRef = 61C5C6F22B00359A00C4218A /* TutorHubbApp.swift */; };
		61C5C6F52B0035EC00C4218A /* SignInView.swift in Sources */ = {isa = PBXBuildFile; fileRef = 61C5C6F42B0035EC00C4218A /* SignInView.swift */; };
		61C5C6F72B00361D00C4218A /* UserRoleSelectionView.swift in Sources */ = {isa = PBXBuildFile; fileRef = 61C5C6F62B00361D00C4218A /* UserRoleSelectionView.swift */; };
		61C5C6F92B00365000C4218A /* UserRole.swift in Sources */ = {isa = PBXBuildFile; fileRef = 61C5C6F82B00365000C4218A /* UserRole.swift */; };
		61C5C6FB2B00368100C4218A /* StudentCourseListView.swift in Sources */ = {isa = PBXBuildFile; fileRef = 61C5C6FA2B00368100C4218A /* StudentCourseListView.swift */; };
		61C5C6FD2B00371E00C4218A /* HomeView.swift in Sources */ = {isa = PBXBuildFile; fileRef = 61C5C6FC2B00371E00C4218A /* HomeView.swift */; };
		61C5C6FF2B00376900C4218A /* UserSession.swift in Sources */ = {isa = PBXBuildFile; fileRef = 61C5C6FE2B00376900C4218A /* UserSession.swift */; };
		61C5C7012B00378B00C4218A /* UserProfileView.swift in Sources */ = {isa = PBXBuildFile; fileRef = 61C5C7002B00378B00C4218A /* UserProfileView.swift */; };
		61C5C7032B0037AF00C4218A /* SettingsModel.swift in Sources */ = {isa = PBXBuildFile; fileRef = 61C5C7022B0037AF00C4218A /* SettingsModel.swift */; };
		61C5C7052B0037D100C4218A /* SettingsView.swift in Sources */ = {isa = PBXBuildFile; fileRef = 61C5C7042B0037D100C4218A /* SettingsView.swift */; };
		61C5C7072B0037F500C4218A /* ColorSet.swift in Sources */ = {isa = PBXBuildFile; fileRef = 61C5C7062B0037F500C4218A /* ColorSet.swift */; };
		61C5C7092B00381A00C4218A /* TutorListView.swift in Sources */ = {isa = PBXBuildFile; fileRef = 61C5C7082B00381A00C4218A /* TutorListView.swift */; };
		61C5C70B2B00384600C4218A /* Tutor.swift in Sources */ = {isa = PBXBuildFile; fileRef = 61C5C70A2B00384600C4218A /* Tutor.swift */; };
		61C5C70D2B00387000C4218A /* TutorCalendarView.swift in Sources */ = {isa = PBXBuildFile; fileRef = 61C5C70C2B00387000C4218A /* TutorCalendarView.swift */; };
		61C5C70F2B00389100C4218A /* AppointmentDetailsView.swift in Sources */ = {isa = PBXBuildFile; fileRef = 61C5C70E2B00389100C4218A /* AppointmentDetailsView.swift */; };
		61DC2DB12B0B825B00DA396B /* TutorAppointmentsListView.swift in Sources */ = {isa = PBXBuildFile; fileRef = 61DC2DB02B0B825B00DA396B /* TutorAppointmentsListView.swift */; };
		61E5CA042B006BE400A1FB42 /* GoogleService-Info.plist in Resources */ = {isa = PBXBuildFile; fileRef = 61E5CA032B006BE400A1FB42 /* GoogleService-Info.plist */; };
		61E5CA062B00792700A1FB42 /* SignUpView.swift in Sources */ = {isa = PBXBuildFile; fileRef = 61E5CA052B00792700A1FB42 /* SignUpView.swift */; };
/* End PBXBuildFile section */

/* Begin PBXContainerItemProxy section */
		61C5C6D42B0033EA00C4218A /* PBXContainerItemProxy */ = {
			isa = PBXContainerItemProxy;
			containerPortal = 61C5C6BB2B0033E900C4218A /* Project object */;
			proxyType = 1;
			remoteGlobalIDString = 61C5C6C22B0033E900C4218A;
			remoteInfo = TutorHubb;
		};
		61C5C6DE2B0033EA00C4218A /* PBXContainerItemProxy */ = {
			isa = PBXContainerItemProxy;
			containerPortal = 61C5C6BB2B0033E900C4218A /* Project object */;
			proxyType = 1;
			remoteGlobalIDString = 61C5C6C22B0033E900C4218A;
			remoteInfo = TutorHubb;
		};
/* End PBXContainerItemProxy section */

/* Begin PBXFileReference section */
		61555CEB2B02CBFC009A99E7 /* MailComposerView.swift */ = {isa = PBXFileReference; lastKnownFileType = sourcecode.swift; path = MailComposerView.swift; sourceTree = "<group>"; };
		61555CEF2B02E87C009A99E7 /* CalendarManager.swift */ = {isa = PBXFileReference; lastKnownFileType = sourcecode.swift; path = CalendarManager.swift; sourceTree = "<group>"; };
		61555CF12B032F77009A99E7 /* Appointment.swift */ = {isa = PBXFileReference; lastKnownFileType = sourcecode.swift; path = Appointment.swift; sourceTree = "<group>"; };
		61555CF32B033039009A99E7 /* AppointmentsListView.swift */ = {isa = PBXFileReference; lastKnownFileType = sourcecode.swift; path = AppointmentsListView.swift; sourceTree = "<group>"; };
		61C5C6C32B0033E900C4218A /* TutorHubb.app */ = {isa = PBXFileReference; explicitFileType = wrapper.application; includeInIndex = 0; path = TutorHubb.app; sourceTree = BUILT_PRODUCTS_DIR; };
		61C5C6C82B0033E900C4218A /* ContentView.swift */ = {isa = PBXFileReference; lastKnownFileType = sourcecode.swift; path = ContentView.swift; sourceTree = "<group>"; };
		61C5C6CA2B0033EA00C4218A /* Assets.xcassets */ = {isa = PBXFileReference; lastKnownFileType = folder.assetcatalog; path = Assets.xcassets; sourceTree = "<group>"; };
		61C5C6CD2B0033EA00C4218A /* Preview Assets.xcassets */ = {isa = PBXFileReference; lastKnownFileType = folder.assetcatalog; path = "Preview Assets.xcassets"; sourceTree = "<group>"; };
		61C5C6D32B0033EA00C4218A /* TutorHubbTests.xctest */ = {isa = PBXFileReference; explicitFileType = wrapper.cfbundle; includeInIndex = 0; path = TutorHubbTests.xctest; sourceTree = BUILT_PRODUCTS_DIR; };
		61C5C6D72B0033EA00C4218A /* TutorHubbTests.swift */ = {isa = PBXFileReference; lastKnownFileType = sourcecode.swift; path = TutorHubbTests.swift; sourceTree = "<group>"; };
		61C5C6DD2B0033EA00C4218A /* TutorHubbUITests.xctest */ = {isa = PBXFileReference; explicitFileType = wrapper.cfbundle; includeInIndex = 0; path = TutorHubbUITests.xctest; sourceTree = BUILT_PRODUCTS_DIR; };
		61C5C6E12B0033EA00C4218A /* TutorHubbUITests.swift */ = {isa = PBXFileReference; lastKnownFileType = sourcecode.swift; path = TutorHubbUITests.swift; sourceTree = "<group>"; };
		61C5C6E32B0033EA00C4218A /* TutorHubbUITestsLaunchTests.swift */ = {isa = PBXFileReference; lastKnownFileType = sourcecode.swift; path = TutorHubbUITestsLaunchTests.swift; sourceTree = "<group>"; };
		61C5C6F22B00359A00C4218A /* TutorHubbApp.swift */ = {isa = PBXFileReference; lastKnownFileType = sourcecode.swift; path = TutorHubbApp.swift; sourceTree = "<group>"; };
		61C5C6F42B0035EC00C4218A /* SignInView.swift */ = {isa = PBXFileReference; lastKnownFileType = sourcecode.swift; path = SignInView.swift; sourceTree = "<group>"; };
		61C5C6F62B00361D00C4218A /* UserRoleSelectionView.swift */ = {isa = PBXFileReference; lastKnownFileType = sourcecode.swift; path = UserRoleSelectionView.swift; sourceTree = "<group>"; };
		61C5C6F82B00365000C4218A /* UserRole.swift */ = {isa = PBXFileReference; lastKnownFileType = sourcecode.swift; path = UserRole.swift; sourceTree = "<group>"; };
		61C5C6FA2B00368100C4218A /* StudentCourseListView.swift */ = {isa = PBXFileReference; lastKnownFileType = sourcecode.swift; path = StudentCourseListView.swift; sourceTree = "<group>"; };
		61C5C6FC2B00371E00C4218A /* HomeView.swift */ = {isa = PBXFileReference; lastKnownFileType = sourcecode.swift; path = HomeView.swift; sourceTree = "<group>"; };
		61C5C6FE2B00376900C4218A /* UserSession.swift */ = {isa = PBXFileReference; lastKnownFileType = sourcecode.swift; path = UserSession.swift; sourceTree = "<group>"; };
		61C5C7002B00378B00C4218A /* UserProfileView.swift */ = {isa = PBXFileReference; lastKnownFileType = sourcecode.swift; path = UserProfileView.swift; sourceTree = "<group>"; };
		61C5C7022B0037AF00C4218A /* SettingsModel.swift */ = {isa = PBXFileReference; lastKnownFileType = sourcecode.swift; path = SettingsModel.swift; sourceTree = "<group>"; };
		61C5C7042B0037D100C4218A /* SettingsView.swift */ = {isa = PBXFileReference; lastKnownFileType = sourcecode.swift; path = SettingsView.swift; sourceTree = "<group>"; };
		61C5C7062B0037F500C4218A /* ColorSet.swift */ = {isa = PBXFileReference; lastKnownFileType = sourcecode.swift; path = ColorSet.swift; sourceTree = "<group>"; };
		61C5C7082B00381A00C4218A /* TutorListView.swift */ = {isa = PBXFileReference; lastKnownFileType = sourcecode.swift; path = TutorListView.swift; sourceTree = "<group>"; };
		61C5C70A2B00384600C4218A /* Tutor.swift */ = {isa = PBXFileReference; lastKnownFileType = sourcecode.swift; path = Tutor.swift; sourceTree = "<group>"; };
		61C5C70C2B00387000C4218A /* TutorCalendarView.swift */ = {isa = PBXFileReference; lastKnownFileType = sourcecode.swift; path = TutorCalendarView.swift; sourceTree = "<group>"; };
		61C5C70E2B00389100C4218A /* AppointmentDetailsView.swift */ = {isa = PBXFileReference; lastKnownFileType = sourcecode.swift; path = AppointmentDetailsView.swift; sourceTree = "<group>"; };
		61DC2DB02B0B825B00DA396B /* TutorAppointmentsListView.swift */ = {isa = PBXFileReference; lastKnownFileType = sourcecode.swift; path = TutorAppointmentsListView.swift; sourceTree = "<group>"; };
		61E5CA032B006BE400A1FB42 /* GoogleService-Info.plist */ = {isa = PBXFileReference; fileEncoding = 4; lastKnownFileType = text.plist.xml; path = "GoogleService-Info.plist"; sourceTree = "<group>"; };
		61E5CA052B00792700A1FB42 /* SignUpView.swift */ = {isa = PBXFileReference; lastKnownFileType = sourcecode.swift; path = SignUpView.swift; sourceTree = "<group>"; };
/* End PBXFileReference section */

/* Begin PBXFrameworksBuildPhase section */
		61C5C6C02B0033E900C4218A /* Frameworks */ = {
			isa = PBXFrameworksBuildPhase;
			buildActionMask = 2147483647;
			files = (
				614B24ED2B00591D00017D2A /* FirebaseAuth in Frameworks */,
				614B24EF2B00591D00017D2A /* FirebaseFirestore in Frameworks */,
				612DCBA42B018AD900C01996 /* FirebaseStorage in Frameworks */,
				613779522B036171000BE8CD /* FirebaseFirestoreSwift in Frameworks */,
			);
			runOnlyForDeploymentPostprocessing = 0;
		};
		61C5C6D02B0033EA00C4218A /* Frameworks */ = {
			isa = PBXFrameworksBuildPhase;
			buildActionMask = 2147483647;
			files = (
			);
			runOnlyForDeploymentPostprocessing = 0;
		};
		61C5C6DA2B0033EA00C4218A /* Frameworks */ = {
			isa = PBXFrameworksBuildPhase;
			buildActionMask = 2147483647;
			files = (
			);
			runOnlyForDeploymentPostprocessing = 0;
		};
/* End PBXFrameworksBuildPhase section */

/* Begin PBXGroup section */
		61C5C6BA2B0033E900C4218A = {
			isa = PBXGroup;
			children = (
				61C5C6C52B0033E900C4218A /* TutorHubb */,
				61C5C6D62B0033EA00C4218A /* TutorHubbTests */,
				61C5C6E02B0033EA00C4218A /* TutorHubbUITests */,
				61C5C6C42B0033E900C4218A /* Products */,
			);
			sourceTree = "<group>";
		};
		61C5C6C42B0033E900C4218A /* Products */ = {
			isa = PBXGroup;
			children = (
				61C5C6C32B0033E900C4218A /* TutorHubb.app */,
				61C5C6D32B0033EA00C4218A /* TutorHubbTests.xctest */,
				61C5C6DD2B0033EA00C4218A /* TutorHubbUITests.xctest */,
			);
			name = Products;
			sourceTree = "<group>";
		};
		61C5C6C52B0033E900C4218A /* TutorHubb */ = {
			isa = PBXGroup;
			children = (
				61E5CA032B006BE400A1FB42 /* GoogleService-Info.plist */,
				61C5C6C82B0033E900C4218A /* ContentView.swift */,
				61DC2DB02B0B825B00DA396B /* TutorAppointmentsListView.swift */,
				61555CF12B032F77009A99E7 /* Appointment.swift */,
				61C5C6F22B00359A00C4218A /* TutorHubbApp.swift */,
				61555CEF2B02E87C009A99E7 /* CalendarManager.swift */,
				61C5C6F42B0035EC00C4218A /* SignInView.swift */,
				61E5CA052B00792700A1FB42 /* SignUpView.swift */,
				61C5C6F62B00361D00C4218A /* UserRoleSelectionView.swift */,
				61C5C6F82B00365000C4218A /* UserRole.swift */,
				61C5C6FA2B00368100C4218A /* StudentCourseListView.swift */,
				61C5C6FC2B00371E00C4218A /* HomeView.swift */,
				61C5C6FE2B00376900C4218A /* UserSession.swift */,
				61555CF32B033039009A99E7 /* AppointmentsListView.swift */,
				61C5C7002B00378B00C4218A /* UserProfileView.swift */,
				61C5C7022B0037AF00C4218A /* SettingsModel.swift */,
				61C5C7042B0037D100C4218A /* SettingsView.swift */,
				61C5C7062B0037F500C4218A /* ColorSet.swift */,
				61C5C7082B00381A00C4218A /* TutorListView.swift */,
				61C5C70A2B00384600C4218A /* Tutor.swift */,
				61C5C70C2B00387000C4218A /* TutorCalendarView.swift */,
				61C5C70E2B00389100C4218A /* AppointmentDetailsView.swift */,
				61555CEB2B02CBFC009A99E7 /* MailComposerView.swift */,
				61C5C6CA2B0033EA00C4218A /* Assets.xcassets */,
				61C5C6CC2B0033EA00C4218A /* Preview Content */,
			);
			path = TutorHubb;
			sourceTree = "<group>";
		};
		61C5C6CC2B0033EA00C4218A /* Preview Content */ = {
			isa = PBXGroup;
			children = (
				61C5C6CD2B0033EA00C4218A /* Preview Assets.xcassets */,
			);
			path = "Preview Content";
			sourceTree = "<group>";
		};
		61C5C6D62B0033EA00C4218A /* TutorHubbTests */ = {
			isa = PBXGroup;
			children = (
				61C5C6D72B0033EA00C4218A /* TutorHubbTests.swift */,
			);
			path = TutorHubbTests;
			sourceTree = "<group>";
		};
		61C5C6E02B0033EA00C4218A /* TutorHubbUITests */ = {
			isa = PBXGroup;
			children = (
				61C5C6E12B0033EA00C4218A /* TutorHubbUITests.swift */,
				61C5C6E32B0033EA00C4218A /* TutorHubbUITestsLaunchTests.swift */,
			);
			path = TutorHubbUITests;
			sourceTree = "<group>";
		};
/* End PBXGroup section */

/* Begin PBXNativeTarget section */
		61C5C6C22B0033E900C4218A /* TutorHubb */ = {
			isa = PBXNativeTarget;
			buildConfigurationList = 61C5C6E72B0033EA00C4218A /* Build configuration list for PBXNativeTarget "TutorHubb" */;
			buildPhases = (
				61C5C6BF2B0033E900C4218A /* Sources */,
				61C5C6C02B0033E900C4218A /* Frameworks */,
				61C5C6C12B0033E900C4218A /* Resources */,
			);
			buildRules = (
			);
			dependencies = (
			);
			name = TutorHubb;
			packageProductDependencies = (
				614B24EC2B00591D00017D2A /* FirebaseAuth */,
				614B24EE2B00591D00017D2A /* FirebaseFirestore */,
				612DCBA32B018AD900C01996 /* FirebaseStorage */,
				613779512B036171000BE8CD /* FirebaseFirestoreSwift */,
			);
			productName = TutorHubb;
			productReference = 61C5C6C32B0033E900C4218A /* TutorHubb.app */;
			productType = "com.apple.product-type.application";
		};
		61C5C6D22B0033EA00C4218A /* TutorHubbTests */ = {
			isa = PBXNativeTarget;
			buildConfigurationList = 61C5C6EA2B0033EA00C4218A /* Build configuration list for PBXNativeTarget "TutorHubbTests" */;
			buildPhases = (
				61C5C6CF2B0033EA00C4218A /* Sources */,
				61C5C6D02B0033EA00C4218A /* Frameworks */,
				61C5C6D12B0033EA00C4218A /* Resources */,
			);
			buildRules = (
			);
			dependencies = (
				61C5C6D52B0033EA00C4218A /* PBXTargetDependency */,
			);
			name = TutorHubbTests;
			productName = TutorHubbTests;
			productReference = 61C5C6D32B0033EA00C4218A /* TutorHubbTests.xctest */;
			productType = "com.apple.product-type.bundle.unit-test";
		};
		61C5C6DC2B0033EA00C4218A /* TutorHubbUITests */ = {
			isa = PBXNativeTarget;
			buildConfigurationList = 61C5C6ED2B0033EA00C4218A /* Build configuration list for PBXNativeTarget "TutorHubbUITests" */;
			buildPhases = (
				61C5C6D92B0033EA00C4218A /* Sources */,
				61C5C6DA2B0033EA00C4218A /* Frameworks */,
				61C5C6DB2B0033EA00C4218A /* Resources */,
			);
			buildRules = (
			);
			dependencies = (
				61C5C6DF2B0033EA00C4218A /* PBXTargetDependency */,
			);
			name = TutorHubbUITests;
			productName = TutorHubbUITests;
			productReference = 61C5C6DD2B0033EA00C4218A /* TutorHubbUITests.xctest */;
			productType = "com.apple.product-type.bundle.ui-testing";
		};
/* End PBXNativeTarget section */

/* Begin PBXProject section */
		61C5C6BB2B0033E900C4218A /* Project object */ = {
			isa = PBXProject;
			attributes = {
				BuildIndependentTargetsInParallel = 1;
				LastSwiftUpdateCheck = 1500;
				LastUpgradeCheck = 1500;
				TargetAttributes = {
					61C5C6C22B0033E900C4218A = {
						CreatedOnToolsVersion = 15.0;
					};
					61C5C6D22B0033EA00C4218A = {
						CreatedOnToolsVersion = 15.0;
						TestTargetID = 61C5C6C22B0033E900C4218A;
					};
					61C5C6DC2B0033EA00C4218A = {
						CreatedOnToolsVersion = 15.0;
						TestTargetID = 61C5C6C22B0033E900C4218A;
					};
				};
			};
			buildConfigurationList = 61C5C6BE2B0033E900C4218A /* Build configuration list for PBXProject "TutorHubb" */;
			compatibilityVersion = "Xcode 14.0";
			developmentRegion = en;
			hasScannedForEncodings = 0;
			knownRegions = (
				en,
				Base,
			);
			mainGroup = 61C5C6BA2B0033E900C4218A;
			packageReferences = (
				614B24EB2B00591D00017D2A /* XCRemoteSwiftPackageReference "firebase-ios-sdk" */,
			);
			productRefGroup = 61C5C6C42B0033E900C4218A /* Products */;
			projectDirPath = "";
			projectRoot = "";
			targets = (
				61C5C6C22B0033E900C4218A /* TutorHubb */,
				61C5C6D22B0033EA00C4218A /* TutorHubbTests */,
				61C5C6DC2B0033EA00C4218A /* TutorHubbUITests */,
			);
		};
/* End PBXProject section */

/* Begin PBXResourcesBuildPhase section */
		61C5C6C12B0033E900C4218A /* Resources */ = {
			isa = PBXResourcesBuildPhase;
			buildActionMask = 2147483647;
			files = (
				61C5C6CE2B0033EA00C4218A /* Preview Assets.xcassets in Resources */,
				61C5C6CB2B0033EA00C4218A /* Assets.xcassets in Resources */,
				61E5CA042B006BE400A1FB42 /* GoogleService-Info.plist in Resources */,
			);
			runOnlyForDeploymentPostprocessing = 0;
		};
		61C5C6D12B0033EA00C4218A /* Resources */ = {
			isa = PBXResourcesBuildPhase;
			buildActionMask = 2147483647;
			files = (
			);
			runOnlyForDeploymentPostprocessing = 0;
		};
		61C5C6DB2B0033EA00C4218A /* Resources */ = {
			isa = PBXResourcesBuildPhase;
			buildActionMask = 2147483647;
			files = (
			);
			runOnlyForDeploymentPostprocessing = 0;
		};
/* End PBXResourcesBuildPhase section */

/* Begin PBXSourcesBuildPhase section */
		61C5C6BF2B0033E900C4218A /* Sources */ = {
			isa = PBXSourcesBuildPhase;
			buildActionMask = 2147483647;
			files = (
				61C5C6F72B00361D00C4218A /* UserRoleSelectionView.swift in Sources */,
				61C5C7012B00378B00C4218A /* UserProfileView.swift in Sources */,
				61C5C6FD2B00371E00C4218A /* HomeView.swift in Sources */,
				61C5C6FB2B00368100C4218A /* StudentCourseListView.swift in Sources */,
				61555CF42B033039009A99E7 /* AppointmentsListView.swift in Sources */,
				61C5C7072B0037F500C4218A /* ColorSet.swift in Sources */,
				61555CF02B02E87C009A99E7 /* CalendarManager.swift in Sources */,
				61C5C6F92B00365000C4218A /* UserRole.swift in Sources */,
				61C5C6F52B0035EC00C4218A /* SignInView.swift in Sources */,
				61C5C70F2B00389100C4218A /* AppointmentDetailsView.swift in Sources */,
				61C5C7032B0037AF00C4218A /* SettingsModel.swift in Sources */,
				61C5C70B2B00384600C4218A /* Tutor.swift in Sources */,
				61555CEC2B02CBFC009A99E7 /* MailComposerView.swift in Sources */,
				61DC2DB12B0B825B00DA396B /* TutorAppointmentsListView.swift in Sources */,
				61C5C6C92B0033E900C4218A /* ContentView.swift in Sources */,
				61C5C6F32B00359A00C4218A /* TutorHubbApp.swift in Sources */,
				61E5CA062B00792700A1FB42 /* SignUpView.swift in Sources */,
				61C5C6FF2B00376900C4218A /* UserSession.swift in Sources */,
				61C5C70D2B00387000C4218A /* TutorCalendarView.swift in Sources */,
				61C5C7092B00381A00C4218A /* TutorListView.swift in Sources */,
				61C5C7052B0037D100C4218A /* SettingsView.swift in Sources */,
				61555CF22B032F77009A99E7 /* Appointment.swift in Sources */,
			);
			runOnlyForDeploymentPostprocessing = 0;
		};
		61C5C6CF2B0033EA00C4218A /* Sources */ = {
			isa = PBXSourcesBuildPhase;
			buildActionMask = 2147483647;
			files = (
				61C5C6D82B0033EA00C4218A /* TutorHubbTests.swift in Sources */,
			);
			runOnlyForDeploymentPostprocessing = 0;
		};
		61C5C6D92B0033EA00C4218A /* Sources */ = {
			isa = PBXSourcesBuildPhase;
			buildActionMask = 2147483647;
			files = (
				61C5C6E42B0033EA00C4218A /* TutorHubbUITestsLaunchTests.swift in Sources */,
				61C5C6E22B0033EA00C4218A /* TutorHubbUITests.swift in Sources */,
			);
			runOnlyForDeploymentPostprocessing = 0;
		};
/* End PBXSourcesBuildPhase section */

/* Begin PBXTargetDependency section */
		61C5C6D52B0033EA00C4218A /* PBXTargetDependency */ = {
			isa = PBXTargetDependency;
			target = 61C5C6C22B0033E900C4218A /* TutorHubb */;
			targetProxy = 61C5C6D42B0033EA00C4218A /* PBXContainerItemProxy */;
		};
		61C5C6DF2B0033EA00C4218A /* PBXTargetDependency */ = {
			isa = PBXTargetDependency;
			target = 61C5C6C22B0033E900C4218A /* TutorHubb */;
			targetProxy = 61C5C6DE2B0033EA00C4218A /* PBXContainerItemProxy */;
		};
/* End PBXTargetDependency section */

/* Begin XCBuildConfiguration section */
		61C5C6E52B0033EA00C4218A /* Debug */ = {
			isa = XCBuildConfiguration;
			buildSettings = {
				ALWAYS_SEARCH_USER_PATHS = NO;
				ASSETCATALOG_COMPILER_GENERATE_SWIFT_ASSET_SYMBOL_EXTENSIONS = YES;
				CLANG_ANALYZER_NONNULL = YES;
				CLANG_ANALYZER_NUMBER_OBJECT_CONVERSION = YES_AGGRESSIVE;
				CLANG_CXX_LANGUAGE_STANDARD = "gnu++20";
				CLANG_ENABLE_MODULES = YES;
				CLANG_ENABLE_OBJC_ARC = YES;
				CLANG_ENABLE_OBJC_WEAK = YES;
				CLANG_WARN_BLOCK_CAPTURE_AUTORELEASING = YES;
				CLANG_WARN_BOOL_CONVERSION = YES;
				CLANG_WARN_COMMA = YES;
				CLANG_WARN_CONSTANT_CONVERSION = YES;
				CLANG_WARN_DEPRECATED_OBJC_IMPLEMENTATIONS = YES;
				CLANG_WARN_DIRECT_OBJC_ISA_USAGE = YES_ERROR;
				CLANG_WARN_DOCUMENTATION_COMMENTS = YES;
				CLANG_WARN_EMPTY_BODY = YES;
				CLANG_WARN_ENUM_CONVERSION = YES;
				CLANG_WARN_INFINITE_RECURSION = YES;
				CLANG_WARN_INT_CONVERSION = YES;
				CLANG_WARN_NON_LITERAL_NULL_CONVERSION = YES;
				CLANG_WARN_OBJC_IMPLICIT_RETAIN_SELF = YES;
				CLANG_WARN_OBJC_LITERAL_CONVERSION = YES;
				CLANG_WARN_OBJC_ROOT_CLASS = YES_ERROR;
				CLANG_WARN_QUOTED_INCLUDE_IN_FRAMEWORK_HEADER = YES;
				CLANG_WARN_RANGE_LOOP_ANALYSIS = YES;
				CLANG_WARN_STRICT_PROTOTYPES = YES;
				CLANG_WARN_SUSPICIOUS_MOVE = YES;
				CLANG_WARN_UNGUARDED_AVAILABILITY = YES_AGGRESSIVE;
				CLANG_WARN_UNREACHABLE_CODE = YES;
				CLANG_WARN__DUPLICATE_METHOD_MATCH = YES;
				COPY_PHASE_STRIP = NO;
				DEBUG_INFORMATION_FORMAT = dwarf;
				ENABLE_STRICT_OBJC_MSGSEND = YES;
				ENABLE_TESTABILITY = YES;
				ENABLE_USER_SCRIPT_SANDBOXING = YES;
				GCC_C_LANGUAGE_STANDARD = gnu17;
				GCC_DYNAMIC_NO_PIC = NO;
				GCC_NO_COMMON_BLOCKS = YES;
				GCC_OPTIMIZATION_LEVEL = 0;
				GCC_PREPROCESSOR_DEFINITIONS = (
					"DEBUG=1",
					"$(inherited)",
				);
				GCC_WARN_64_TO_32_BIT_CONVERSION = YES;
				GCC_WARN_ABOUT_RETURN_TYPE = YES_ERROR;
				GCC_WARN_UNDECLARED_SELECTOR = YES;
				GCC_WARN_UNINITIALIZED_AUTOS = YES_AGGRESSIVE;
				GCC_WARN_UNUSED_FUNCTION = YES;
				GCC_WARN_UNUSED_VARIABLE = YES;
				IPHONEOS_DEPLOYMENT_TARGET = 17.0;
				LOCALIZATION_PREFERS_STRING_CATALOGS = YES;
				MTL_ENABLE_DEBUG_INFO = INCLUDE_SOURCE;
				MTL_FAST_MATH = YES;
				ONLY_ACTIVE_ARCH = YES;
				SDKROOT = iphoneos;
				SWIFT_ACTIVE_COMPILATION_CONDITIONS = "DEBUG $(inherited)";
				SWIFT_OPTIMIZATION_LEVEL = "-Onone";
			};
			name = Debug;
		};
		61C5C6E62B0033EA00C4218A /* Release */ = {
			isa = XCBuildConfiguration;
			buildSettings = {
				ALWAYS_SEARCH_USER_PATHS = NO;
				ASSETCATALOG_COMPILER_GENERATE_SWIFT_ASSET_SYMBOL_EXTENSIONS = YES;
				CLANG_ANALYZER_NONNULL = YES;
				CLANG_ANALYZER_NUMBER_OBJECT_CONVERSION = YES_AGGRESSIVE;
				CLANG_CXX_LANGUAGE_STANDARD = "gnu++20";
				CLANG_ENABLE_MODULES = YES;
				CLANG_ENABLE_OBJC_ARC = YES;
				CLANG_ENABLE_OBJC_WEAK = YES;
				CLANG_WARN_BLOCK_CAPTURE_AUTORELEASING = YES;
				CLANG_WARN_BOOL_CONVERSION = YES;
				CLANG_WARN_COMMA = YES;
				CLANG_WARN_CONSTANT_CONVERSION = YES;
				CLANG_WARN_DEPRECATED_OBJC_IMPLEMENTATIONS = YES;
				CLANG_WARN_DIRECT_OBJC_ISA_USAGE = YES_ERROR;
				CLANG_WARN_DOCUMENTATION_COMMENTS = YES;
				CLANG_WARN_EMPTY_BODY = YES;
				CLANG_WARN_ENUM_CONVERSION = YES;
				CLANG_WARN_INFINITE_RECURSION = YES;
				CLANG_WARN_INT_CONVERSION = YES;
				CLANG_WARN_NON_LITERAL_NULL_CONVERSION = YES;
				CLANG_WARN_OBJC_IMPLICIT_RETAIN_SELF = YES;
				CLANG_WARN_OBJC_LITERAL_CONVERSION = YES;
				CLANG_WARN_OBJC_ROOT_CLASS = YES_ERROR;
				CLANG_WARN_QUOTED_INCLUDE_IN_FRAMEWORK_HEADER = YES;
				CLANG_WARN_RANGE_LOOP_ANALYSIS = YES;
				CLANG_WARN_STRICT_PROTOTYPES = YES;
				CLANG_WARN_SUSPICIOUS_MOVE = YES;
				CLANG_WARN_UNGUARDED_AVAILABILITY = YES_AGGRESSIVE;
				CLANG_WARN_UNREACHABLE_CODE = YES;
				CLANG_WARN__DUPLICATE_METHOD_MATCH = YES;
				COPY_PHASE_STRIP = NO;
				DEBUG_INFORMATION_FORMAT = "dwarf-with-dsym";
				ENABLE_NS_ASSERTIONS = NO;
				ENABLE_STRICT_OBJC_MSGSEND = YES;
				ENABLE_USER_SCRIPT_SANDBOXING = YES;
				GCC_C_LANGUAGE_STANDARD = gnu17;
				GCC_NO_COMMON_BLOCKS = YES;
				GCC_WARN_64_TO_32_BIT_CONVERSION = YES;
				GCC_WARN_ABOUT_RETURN_TYPE = YES_ERROR;
				GCC_WARN_UNDECLARED_SELECTOR = YES;
				GCC_WARN_UNINITIALIZED_AUTOS = YES_AGGRESSIVE;
				GCC_WARN_UNUSED_FUNCTION = YES;
				GCC_WARN_UNUSED_VARIABLE = YES;
				IPHONEOS_DEPLOYMENT_TARGET = 17.0;
				LOCALIZATION_PREFERS_STRING_CATALOGS = YES;
				MTL_ENABLE_DEBUG_INFO = NO;
				MTL_FAST_MATH = YES;
				SDKROOT = iphoneos;
				SWIFT_COMPILATION_MODE = wholemodule;
				VALIDATE_PRODUCT = YES;
			};
			name = Release;
		};
		61C5C6E82B0033EA00C4218A /* Debug */ = {
			isa = XCBuildConfiguration;
			buildSettings = {
				ASSETCATALOG_COMPILER_APPICON_NAME = AppIcon;
				ASSETCATALOG_COMPILER_GLOBAL_ACCENT_COLOR_NAME = AccentColor;
				CODE_SIGN_STYLE = Automatic;
				CURRENT_PROJECT_VERSION = 1;
				DEVELOPMENT_ASSET_PATHS = "\"TutorHubb/Preview Content\"";
				DEVELOPMENT_TEAM = 3453894TV5;
				ENABLE_PREVIEWS = YES;
				GENERATE_INFOPLIST_FILE = YES;
				INFOPLIST_KEY_UIApplicationSceneManifest_Generation = YES;
				INFOPLIST_KEY_UIApplicationSupportsIndirectInputEvents = YES;
				INFOPLIST_KEY_UILaunchScreen_Generation = YES;
				INFOPLIST_KEY_UISupportedInterfaceOrientations_iPad = "UIInterfaceOrientationPortrait UIInterfaceOrientationPortraitUpsideDown UIInterfaceOrientationLandscapeLeft UIInterfaceOrientationLandscapeRight";
				INFOPLIST_KEY_UISupportedInterfaceOrientations_iPhone = "UIInterfaceOrientationPortrait UIInterfaceOrientationLandscapeLeft UIInterfaceOrientationLandscapeRight";
				LD_RUNPATH_SEARCH_PATHS = (
					"$(inherited)",
					"@executable_path/Frameworks",
				);
				MARKETING_VERSION = 1.0;
				PRODUCT_BUNDLE_IDENTIFIER = BRA.TutorHubb;
				PRODUCT_NAME = "$(TARGET_NAME)";
				SWIFT_EMIT_LOC_STRINGS = YES;
				SWIFT_VERSION = 5.0;
				TARGETED_DEVICE_FAMILY = "1,2";
			};
			name = Debug;
		};
		61C5C6E92B0033EA00C4218A /* Release */ = {
			isa = XCBuildConfiguration;
			buildSettings = {
				ASSETCATALOG_COMPILER_APPICON_NAME = AppIcon;
				ASSETCATALOG_COMPILER_GLOBAL_ACCENT_COLOR_NAME = AccentColor;
				CODE_SIGN_STYLE = Automatic;
				CURRENT_PROJECT_VERSION = 1;
				DEVELOPMENT_ASSET_PATHS = "\"TutorHubb/Preview Content\"";
				DEVELOPMENT_TEAM = 3453894TV5;
				ENABLE_PREVIEWS = YES;
				GENERATE_INFOPLIST_FILE = YES;
				INFOPLIST_KEY_UIApplicationSceneManifest_Generation = YES;
				INFOPLIST_KEY_UIApplicationSupportsIndirectInputEvents = YES;
				INFOPLIST_KEY_UILaunchScreen_Generation = YES;
				INFOPLIST_KEY_UISupportedInterfaceOrientations_iPad = "UIInterfaceOrientationPortrait UIInterfaceOrientationPortraitUpsideDown UIInterfaceOrientationLandscapeLeft UIInterfaceOrientationLandscapeRight";
				INFOPLIST_KEY_UISupportedInterfaceOrientations_iPhone = "UIInterfaceOrientationPortrait UIInterfaceOrientationLandscapeLeft UIInterfaceOrientationLandscapeRight";
				LD_RUNPATH_SEARCH_PATHS = (
					"$(inherited)",
					"@executable_path/Frameworks",
				);
				MARKETING_VERSION = 1.0;
				PRODUCT_BUNDLE_IDENTIFIER = BRA.TutorHubb;
				PRODUCT_NAME = "$(TARGET_NAME)";
				SWIFT_EMIT_LOC_STRINGS = YES;
				SWIFT_VERSION = 5.0;
				TARGETED_DEVICE_FAMILY = "1,2";
			};
			name = Release;
		};
		61C5C6EB2B0033EA00C4218A /* Debug */ = {
			isa = XCBuildConfiguration;
			buildSettings = {
				ALWAYS_EMBED_SWIFT_STANDARD_LIBRARIES = YES;
				BUNDLE_LOADER = "$(TEST_HOST)";
				CODE_SIGN_STYLE = Automatic;
				CURRENT_PROJECT_VERSION = 1;
				DEVELOPMENT_TEAM = 3453894TV5;
				GENERATE_INFOPLIST_FILE = YES;
				IPHONEOS_DEPLOYMENT_TARGET = 17.0;
				MARKETING_VERSION = 1.0;
				PRODUCT_BUNDLE_IDENTIFIER = BRA.TutorHubbTests;
				PRODUCT_NAME = "$(TARGET_NAME)";
				SWIFT_EMIT_LOC_STRINGS = NO;
				SWIFT_VERSION = 5.0;
				TARGETED_DEVICE_FAMILY = "1,2";
				TEST_HOST = "$(BUILT_PRODUCTS_DIR)/TutorHubb.app/$(BUNDLE_EXECUTABLE_FOLDER_PATH)/TutorHubb";
			};
			name = Debug;
		};
		61C5C6EC2B0033EA00C4218A /* Release */ = {
			isa = XCBuildConfiguration;
			buildSettings = {
				ALWAYS_EMBED_SWIFT_STANDARD_LIBRARIES = YES;
				BUNDLE_LOADER = "$(TEST_HOST)";
				CODE_SIGN_STYLE = Automatic;
				CURRENT_PROJECT_VERSION = 1;
				DEVELOPMENT_TEAM = 3453894TV5;
				GENERATE_INFOPLIST_FILE = YES;
				IPHONEOS_DEPLOYMENT_TARGET = 17.0;
				MARKETING_VERSION = 1.0;
				PRODUCT_BUNDLE_IDENTIFIER = BRA.TutorHubbTests;
				PRODUCT_NAME = "$(TARGET_NAME)";
				SWIFT_EMIT_LOC_STRINGS = NO;
				SWIFT_VERSION = 5.0;
				TARGETED_DEVICE_FAMILY = "1,2";
				TEST_HOST = "$(BUILT_PRODUCTS_DIR)/TutorHubb.app/$(BUNDLE_EXECUTABLE_FOLDER_PATH)/TutorHubb";
			};
			name = Release;
		};
		61C5C6EE2B0033EA00C4218A /* Debug */ = {
			isa = XCBuildConfiguration;
			buildSettings = {
				ALWAYS_EMBED_SWIFT_STANDARD_LIBRARIES = YES;
				CODE_SIGN_STYLE = Automatic;
				CURRENT_PROJECT_VERSION = 1;
				DEVELOPMENT_TEAM = 3453894TV5;
				GENERATE_INFOPLIST_FILE = YES;
				MARKETING_VERSION = 1.0;
				PRODUCT_BUNDLE_IDENTIFIER = BRA.TutorHubbUITests;
				PRODUCT_NAME = "$(TARGET_NAME)";
				SWIFT_EMIT_LOC_STRINGS = NO;
				SWIFT_VERSION = 5.0;
				TARGETED_DEVICE_FAMILY = "1,2";
				TEST_TARGET_NAME = TutorHubb;
			};
			name = Debug;
		};
		61C5C6EF2B0033EA00C4218A /* Release */ = {
			isa = XCBuildConfiguration;
			buildSettings = {
				ALWAYS_EMBED_SWIFT_STANDARD_LIBRARIES = YES;
				CODE_SIGN_STYLE = Automatic;
				CURRENT_PROJECT_VERSION = 1;
				DEVELOPMENT_TEAM = 3453894TV5;
				GENERATE_INFOPLIST_FILE = YES;
				MARKETING_VERSION = 1.0;
				PRODUCT_BUNDLE_IDENTIFIER = BRA.TutorHubbUITests;
				PRODUCT_NAME = "$(TARGET_NAME)";
				SWIFT_EMIT_LOC_STRINGS = NO;
				SWIFT_VERSION = 5.0;
				TARGETED_DEVICE_FAMILY = "1,2";
				TEST_TARGET_NAME = TutorHubb;
			};
			name = Release;
		};
/* End XCBuildConfiguration section */

/* Begin XCConfigurationList section */
		61C5C6BE2B0033E900C4218A /* Build configuration list for PBXProject "TutorHubb" */ = {
			isa = XCConfigurationList;
			buildConfigurations = (
				61C5C6E52B0033EA00C4218A /* Debug */,
				61C5C6E62B0033EA00C4218A /* Release */,
			);
			defaultConfigurationIsVisible = 0;
			defaultConfigurationName = Release;
		};
		61C5C6E72B0033EA00C4218A /* Build configuration list for PBXNativeTarget "TutorHubb" */ = {
			isa = XCConfigurationList;
			buildConfigurations = (
				61C5C6E82B0033EA00C4218A /* Debug */,
				61C5C6E92B0033EA00C4218A /* Release */,
			);
			defaultConfigurationIsVisible = 0;
			defaultConfigurationName = Release;
		};
		61C5C6EA2B0033EA00C4218A /* Build configuration list for PBXNativeTarget "TutorHubbTests" */ = {
			isa = XCConfigurationList;
			buildConfigurations = (
				61C5C6EB2B0033EA00C4218A /* Debug */,
				61C5C6EC2B0033EA00C4218A /* Release */,
			);
			defaultConfigurationIsVisible = 0;
			defaultConfigurationName = Release;
		};
		61C5C6ED2B0033EA00C4218A /* Build configuration list for PBXNativeTarget "TutorHubbUITests" */ = {
			isa = XCConfigurationList;
			buildConfigurations = (
				61C5C6EE2B0033EA00C4218A /* Debug */,
				61C5C6EF2B0033EA00C4218A /* Release */,
			);
			defaultConfigurationIsVisible = 0;
			defaultConfigurationName = Release;
		};
/* End XCConfigurationList section */

/* Begin XCRemoteSwiftPackageReference section */
		614B24EB2B00591D00017D2A /* XCRemoteSwiftPackageReference "firebase-ios-sdk" */ = {
			isa = XCRemoteSwiftPackageReference;
			repositoryURL = "https://github.com/firebase/firebase-ios-sdk";
			requirement = {
				kind = upToNextMajorVersion;
				minimumVersion = 10.17.0;
			};
		};
/* End XCRemoteSwiftPackageReference section */

/* Begin XCSwiftPackageProductDependency section */
		612DCBA32B018AD900C01996 /* FirebaseStorage */ = {
			isa = XCSwiftPackageProductDependency;
			productName = FirebaseStorage;
		};
		613779512B036171000BE8CD /* FirebaseFirestoreSwift */ = {
			isa = XCSwiftPackageProductDependency;
			productName = FirebaseFirestoreSwift;
		};
		614B24EC2B00591D00017D2A /* FirebaseAuth */ = {
			isa = XCSwiftPackageProductDependency;
			package = 614B24EB2B00591D00017D2A /* XCRemoteSwiftPackageReference "firebase-ios-sdk" */;
			productName = FirebaseAuth;
		};
		614B24EE2B00591D00017D2A /* FirebaseFirestore */ = {
			isa = XCSwiftPackageProductDependency;
			package = 614B24EB2B00591D00017D2A /* XCRemoteSwiftPackageReference "firebase-ios-sdk" */;
			productName = FirebaseFirestore;
		};
/* End XCSwiftPackageProductDependency section */
	};
	rootObject = 61C5C6BB2B0033E900C4218A /* Project object */;
}
